// !$*UTF8*$!
{
	archiveVersion = 1;
	classes = {
	};
	objectVersion = 50;
	objects = {

/* Begin PBXBuildFile section */
		F7C7621F223B60E600B01235 /* AppDelegate.swift in Sources */ = {isa = PBXBuildFile; fileRef = F7C7621E223B60E600B01235 /* AppDelegate.swift */; };
		F7C76221223B60E600B01235 /* ViewController.swift in Sources */ = {isa = PBXBuildFile; fileRef = F7C76220223B60E600B01235 /* ViewController.swift */; };
		F7C76224223B60E600B01235 /* Main.storyboard in Resources */ = {isa = PBXBuildFile; fileRef = F7C76222223B60E600B01235 /* Main.storyboard */; };
		F7C76226223B60E900B01235 /* Assets.xcassets in Resources */ = {isa = PBXBuildFile; fileRef = F7C76225223B60E900B01235 /* Assets.xcassets */; };
		F7C76229223B60E900B01235 /* LaunchScreen.storyboard in Resources */ = {isa = PBXBuildFile; fileRef = F7C76227223B60E900B01235 /* LaunchScreen.storyboard */; };
		F7F016A4223B7FE6007B7DFC /* button_click.mp3 in Resources */ = {isa = PBXBuildFile; fileRef = F7F0169C223B7FE6007B7DFC /* button_click.mp3 */; };
		F7F016A5223B7FE6007B7DFC /* Music.m in Sources */ = {isa = PBXBuildFile; fileRef = F7F0169E223B7FE6007B7DFC /* Music.m */; };
		F7F016A6223B7FE6007B7DFC /* SystemLanguageClass.swift in Sources */ = {isa = PBXBuildFile; fileRef = F7F0169F223B7FE6007B7DFC /* SystemLanguageClass.swift */; };
		F7F016A8223B7FE6007B7DFC /* merge.wav in Resources */ = {isa = PBXBuildFile; fileRef = F7F016A1223B7FE6007B7DFC /* merge.wav */; };
		F7F016AF223B80EC007B7DFC /* EffectiveClass.swift in Sources */ = {isa = PBXBuildFile; fileRef = F7F016AE223B80EC007B7DFC /* EffectiveClass.swift */; };
		F7F016BF223B86BB007B7DFC /* ModeSelectorViewController.swift in Sources */ = {isa = PBXBuildFile; fileRef = F7F016B6223B86BB007B7DFC /* ModeSelectorViewController.swift */; };
		F7F016C0223B86BB007B7DFC /* ModeSelectorViewController.xib in Resources */ = {isa = PBXBuildFile; fileRef = F7F016B7223B86BB007B7DFC /* ModeSelectorViewController.xib */; };
		F7F016C4223B8D7E007B7DFC /* BGM.mp3 in Resources */ = {isa = PBXBuildFile; fileRef = F7F016C3223B8D7E007B7DFC /* BGM.mp3 */; };
		F7F016CE223B9010007B7DFC /* GameViewController.swift in Sources */ = {isa = PBXBuildFile; fileRef = F7F016C8223B9010007B7DFC /* GameViewController.swift */; };
		F7F016CF223B9010007B7DFC /* BlockView.swift in Sources */ = {isa = PBXBuildFile; fileRef = F7F016C9223B9010007B7DFC /* BlockView.swift */; };
		F7F016D0223B9010007B7DFC /* GameViewController.xib in Resources */ = {isa = PBXBuildFile; fileRef = F7F016CA223B9010007B7DFC /* GameViewController.xib */; };
		F7F016D1223B9010007B7DFC /* GameOverView.swift in Sources */ = {isa = PBXBuildFile; fileRef = F7F016CC223B9010007B7DFC /* GameOverView.swift */; };
/* End PBXBuildFile section */

/* Begin PBXFileReference section */
		F7C7621B223B60E600B01235 /* ColorSynchronization.app */ = {isa = PBXFileReference; explicitFileType = wrapper.application; includeInIndex = 0; path = ColorSynchronization.app; sourceTree = BUILT_PRODUCTS_DIR; };
		F7C7621E223B60E600B01235 /* AppDelegate.swift */ = {isa = PBXFileReference; lastKnownFileType = sourcecode.swift; path = AppDelegate.swift; sourceTree = "<group>"; };
		F7C76220223B60E600B01235 /* ViewController.swift */ = {isa = PBXFileReference; lastKnownFileType = sourcecode.swift; path = ViewController.swift; sourceTree = "<group>"; };
		F7C76223223B60E600B01235 /* Base */ = {isa = PBXFileReference; lastKnownFileType = file.storyboard; name = Base; path = Base.lproj/Main.storyboard; sourceTree = "<group>"; };
		F7C76225223B60E900B01235 /* Assets.xcassets */ = {isa = PBXFileReference; lastKnownFileType = folder.assetcatalog; path = Assets.xcassets; sourceTree = "<group>"; };
		F7C76228223B60E900B01235 /* Base */ = {isa = PBXFileReference; lastKnownFileType = file.storyboard; name = Base; path = Base.lproj/LaunchScreen.storyboard; sourceTree = "<group>"; };
		F7C7622A223B60E900B01235 /* Info.plist */ = {isa = PBXFileReference; lastKnownFileType = text.plist.xml; path = Info.plist; sourceTree = "<group>"; };
		F7F0169A223B7FE6007B7DFC /* Music.h */ = {isa = PBXFileReference; fileEncoding = 4; lastKnownFileType = sourcecode.c.h; path = Music.h; sourceTree = "<group>"; };
		F7F0169C223B7FE6007B7DFC /* button_click.mp3 */ = {isa = PBXFileReference; lastKnownFileType = audio.mp3; path = button_click.mp3; sourceTree = "<group>"; };
		F7F0169E223B7FE6007B7DFC /* Music.m */ = {isa = PBXFileReference; fileEncoding = 4; lastKnownFileType = sourcecode.c.objc; path = Music.m; sourceTree = "<group>"; };
		F7F0169F223B7FE6007B7DFC /* SystemLanguageClass.swift */ = {isa = PBXFileReference; fileEncoding = 4; lastKnownFileType = sourcecode.swift; path = SystemLanguageClass.swift; sourceTree = "<group>"; };
		F7F016A1223B7FE6007B7DFC /* merge.wav */ = {isa = PBXFileReference; lastKnownFileType = audio.wav; path = merge.wav; sourceTree = "<group>"; };
		F7F016AA223B8059007B7DFC /* Objective-c-Swift-Bridge.h */ = {isa = PBXFileReference; fileEncoding = 4; lastKnownFileType = sourcecode.c.h; path = "Objective-c-Swift-Bridge.h"; sourceTree = "<group>"; };
		F7F016AE223B80EC007B7DFC /* EffectiveClass.swift */ = {isa = PBXFileReference; lastKnownFileType = sourcecode.swift; path = EffectiveClass.swift; sourceTree = "<group>"; };
		F7F016B6223B86BB007B7DFC /* ModeSelectorViewController.swift */ = {isa = PBXFileReference; fileEncoding = 4; lastKnownFileType = sourcecode.swift; path = ModeSelectorViewController.swift; sourceTree = "<group>"; };
		F7F016B8223B86BB007B7DFC /* Base */ = {isa = PBXFileReference; lastKnownFileType = file.xib; name = Base; path = Base.lproj/ModeSelectorViewController.xib; sourceTree = "<group>"; };
		F7F016C3223B8D7E007B7DFC /* BGM.mp3 */ = {isa = PBXFileReference; lastKnownFileType = audio.mp3; path = BGM.mp3; sourceTree = "<group>"; };
		F7F016C8223B9010007B7DFC /* GameViewController.swift */ = {isa = PBXFileReference; fileEncoding = 4; lastKnownFileType = sourcecode.swift; path = GameViewController.swift; sourceTree = "<group>"; };
		F7F016C9223B9010007B7DFC /* BlockView.swift */ = {isa = PBXFileReference; fileEncoding = 4; lastKnownFileType = sourcecode.swift; path = BlockView.swift; sourceTree = "<group>"; };
		F7F016CB223B9010007B7DFC /* Base */ = {isa = PBXFileReference; lastKnownFileType = file.xib; name = Base; path = Base.lproj/GameViewController.xib; sourceTree = "<group>"; };
		F7F016CC223B9010007B7DFC /* GameOverView.swift */ = {isa = PBXFileReference; fileEncoding = 4; lastKnownFileType = sourcecode.swift; path = GameOverView.swift; sourceTree = "<group>"; };
/* End PBXFileReference section */

/* Begin PBXFrameworksBuildPhase section */
		F7C76218223B60E600B01235 /* Frameworks */ = {
			isa = PBXFrameworksBuildPhase;
			buildActionMask = 2147483647;
			files = (
			);
			runOnlyForDeploymentPostprocessing = 0;
		};
/* End PBXFrameworksBuildPhase section */

/* Begin PBXGroup section */
		F7C76212223B60E600B01235 = {
			isa = PBXGroup;
			children = (
				F7C7621D223B60E600B01235 /* ColorSynchronization */,
				F7C7621C223B60E600B01235 /* Products */,
			);
			sourceTree = "<group>";
		};
		F7C7621C223B60E600B01235 /* Products */ = {
			isa = PBXGroup;
			children = (
				F7C7621B223B60E600B01235 /* ColorSynchronization.app */,
			);
			name = Products;
			sourceTree = "<group>";
		};
		F7C7621D223B60E600B01235 /* ColorSynchronization */ = {
			isa = PBXGroup;
			children = (
				F7F016AA223B8059007B7DFC /* Objective-c-Swift-Bridge.h */,
				F7F01699223B7FE6007B7DFC /* resource */,
				F7F016B0223B86BB007B7DFC /* gameSelector */,
				F7F016C5223B9010007B7DFC /* game */,
				F7C76220223B60E600B01235 /* ViewController.swift */,
				F7C7621E223B60E600B01235 /* AppDelegate.swift */,
				F7C76222223B60E600B01235 /* Main.storyboard */,
				F7C76225223B60E900B01235 /* Assets.xcassets */,
				F7C76227223B60E900B01235 /* LaunchScreen.storyboard */,
				F7C7622A223B60E900B01235 /* Info.plist */,
			);
			path = ColorSynchronization;
			sourceTree = "<group>";
		};
		F7F01699223B7FE6007B7DFC /* resource */ = {
			isa = PBXGroup;
			children = (
				F7F0169A223B7FE6007B7DFC /* Music.h */,
				F7F0169E223B7FE6007B7DFC /* Music.m */,
				F7F0169C223B7FE6007B7DFC /* button_click.mp3 */,
				F7F016C3223B8D7E007B7DFC /* BGM.mp3 */,
				F7F016A1223B7FE6007B7DFC /* merge.wav */,
				F7F0169F223B7FE6007B7DFC /* SystemLanguageClass.swift */,
				F7F016AE223B80EC007B7DFC /* EffectiveClass.swift */,
			);
			path = resource;
			sourceTree = "<group>";
		};
		F7F016B0223B86BB007B7DFC /* gameSelector */ = {
			isa = PBXGroup;
			children = (
				F7F016B6223B86BB007B7DFC /* ModeSelectorViewController.swift */,
				F7F016B7223B86BB007B7DFC /* ModeSelectorViewController.xib */,
			);
			path = gameSelector;
			sourceTree = "<group>";
		};
		F7F016C5223B9010007B7DFC /* game */ = {
			isa = PBXGroup;
			children = (
				F7F016C8223B9010007B7DFC /* GameViewController.swift */,
				F7F016C9223B9010007B7DFC /* BlockView.swift */,
				F7F016CA223B9010007B7DFC /* GameViewController.xib */,
				F7F016CC223B9010007B7DFC /* GameOverView.swift */,
			);
			path = game;
			sourceTree = "<group>";
		};
/* End PBXGroup section */

/* Begin PBXNativeTarget section */
		F7C7621A223B60E600B01235 /* ColorSynchronization */ = {
			isa = PBXNativeTarget;
			buildConfigurationList = F7C7622D223B60E900B01235 /* Build configuration list for PBXNativeTarget "ColorSynchronization" */;
			buildPhases = (
				F7C76217223B60E600B01235 /* Sources */,
				F7C76218223B60E600B01235 /* Frameworks */,
				F7C76219223B60E600B01235 /* Resources */,
			);
			buildRules = (
			);
			dependencies = (
			);
			name = ColorSynchronization;
			productName = ColorSynchronization;
			productReference = F7C7621B223B60E600B01235 /* ColorSynchronization.app */;
			productType = "com.apple.product-type.application";
		};
/* End PBXNativeTarget section */

/* Begin PBXProject section */
		F7C76213223B60E600B01235 /* Project object */ = {
			isa = PBXProject;
			attributes = {
				LastSwiftUpdateCheck = 1010;
				LastUpgradeCheck = 1010;
				ORGANIZATIONNAME = iOS123;
				TargetAttributes = {
					F7C7621A223B60E600B01235 = {
						CreatedOnToolsVersion = 10.1;
					};
				};
			};
			buildConfigurationList = F7C76216223B60E600B01235 /* Build configuration list for PBXProject "ColorSynchronization" */;
			compatibilityVersion = "Xcode 9.3";
			developmentRegion = en;
			hasScannedForEncodings = 0;
			knownRegions = (
				en,
				Base,
				"zh-Hans",
			);
			mainGroup = F7C76212223B60E600B01235;
			productRefGroup = F7C7621C223B60E600B01235 /* Products */;
			projectDirPath = "";
			projectRoot = "";
			targets = (
				F7C7621A223B60E600B01235 /* ColorSynchronization */,
			);
		};
/* End PBXProject section */

/* Begin PBXResourcesBuildPhase section */
		F7C76219223B60E600B01235 /* Resources */ = {
			isa = PBXResourcesBuildPhase;
			buildActionMask = 2147483647;
			files = (
				F7C76229223B60E900B01235 /* LaunchScreen.storyboard in Resources */,
				F7F016A8223B7FE6007B7DFC /* merge.wav in Resources */,
				F7F016A4223B7FE6007B7DFC /* button_click.mp3 in Resources */,
				F7F016C4223B8D7E007B7DFC /* BGM.mp3 in Resources */,
				F7F016D0223B9010007B7DFC /* GameViewController.xib in Resources */,
				F7C76226223B60E900B01235 /* Assets.xcassets in Resources */,
				F7F016C0223B86BB007B7DFC /* ModeSelectorViewController.xib in Resources */,
				F7C76224223B60E600B01235 /* Main.storyboard in Resources */,
			);
			runOnlyForDeploymentPostprocessing = 0;
		};
/* End PBXResourcesBuildPhase section */

/* Begin PBXSourcesBuildPhase section */
		F7C76217223B60E600B01235 /* Sources */ = {
			isa = PBXSourcesBuildPhase;
			buildActionMask = 2147483647;
			files = (
				F7F016CE223B9010007B7DFC /* GameViewController.swift in Sources */,
				F7F016BF223B86BB007B7DFC /* ModeSelectorViewController.swift in Sources */,
				F7F016A5223B7FE6007B7DFC /* Music.m in Sources */,
				F7C76221223B60E600B01235 /* ViewController.swift in Sources */,
				F7C7621F223B60E600B01235 /* AppDelegate.swift in Sources */,
				F7F016AF223B80EC007B7DFC /* EffectiveClass.swift in Sources */,
				F7F016CF223B9010007B7DFC /* BlockView.swift in Sources */,
				F7F016D1223B9010007B7DFC /* GameOverView.swift in Sources */,
				F7F016A6223B7FE6007B7DFC /* SystemLanguageClass.swift in Sources */,
			);
			runOnlyForDeploymentPostprocessing = 0;
		};
/* End PBXSourcesBuildPhase section */

/* Begin PBXVariantGroup section */
		F7C76222223B60E600B01235 /* Main.storyboard */ = {
			isa = PBXVariantGroup;
			children = (
				F7C76223223B60E600B01235 /* Base */,
			);
			name = Main.storyboard;
			sourceTree = "<group>";
		};
		F7C76227223B60E900B01235 /* LaunchScreen.storyboard */ = {
			isa = PBXVariantGroup;
			children = (
				F7C76228223B60E900B01235 /* Base */,
			);
			name = LaunchScreen.storyboard;
			sourceTree = "<group>";
		};
		F7F016B7223B86BB007B7DFC /* ModeSelectorViewController.xib */ = {
			isa = PBXVariantGroup;
			children = (
				F7F016B8223B86BB007B7DFC /* Base */,
			);
			name = ModeSelectorViewController.xib;
			sourceTree = "<group>";
		};
		F7F016CA223B9010007B7DFC /* GameViewController.xib */ = {
			isa = PBXVariantGroup;
			children = (
				F7F016CB223B9010007B7DFC /* Base */,
			);
			name = GameViewController.xib;
			sourceTree = "<group>";
		};
/* End PBXVariantGroup section */

/* Begin XCBuildConfiguration section */
		F7C7622B223B60E900B01235 /* Debug */ = {
			isa = XCBuildConfiguration;
			buildSettings = {
				ALWAYS_SEARCH_USER_PATHS = NO;
				CLANG_ANALYZER_NONNULL = YES;
				CLANG_ANALYZER_NUMBER_OBJECT_CONVERSION = YES_AGGRESSIVE;
				CLANG_CXX_LANGUAGE_STANDARD = "gnu++14";
				CLANG_CXX_LIBRARY = "libc++";
				CLANG_ENABLE_MODULES = YES;
				CLANG_ENABLE_OBJC_ARC = YES;
				CLANG_ENABLE_OBJC_WEAK = YES;
				CLANG_WARN_BLOCK_CAPTURE_AUTORELEASING = YES;
				CLANG_WARN_BOOL_CONVERSION = YES;
				CLANG_WARN_COMMA = YES;
				CLANG_WARN_CONSTANT_CONVERSION = YES;
				CLANG_WARN_DEPRECATED_OBJC_IMPLEMENTATIONS = YES;
				CLANG_WARN_DIRECT_OBJC_ISA_USAGE = YES_ERROR;
				CLANG_WARN_DOCUMENTATION_COMMENTS = YES;
				CLANG_WARN_EMPTY_BODY = YES;
				CLANG_WARN_ENUM_CONVERSION = YES;
				CLANG_WARN_INFINITE_RECURSION = YES;
				CLANG_WARN_INT_CONVERSION = YES;
				CLANG_WARN_NON_LITERAL_NULL_CONVERSION = YES;
				CLANG_WARN_OBJC_IMPLICIT_RETAIN_SELF = YES;
				CLANG_WARN_OBJC_LITERAL_CONVERSION = YES;
				CLANG_WARN_OBJC_ROOT_CLASS = YES_ERROR;
				CLANG_WARN_RANGE_LOOP_ANALYSIS = YES;
				CLANG_WARN_STRICT_PROTOTYPES = YES;
				CLANG_WARN_SUSPICIOUS_MOVE = YES;
				CLANG_WARN_UNGUARDED_AVAILABILITY = YES_AGGRESSIVE;
				CLANG_WARN_UNREACHABLE_CODE = YES;
				CLANG_WARN__DUPLICATE_METHOD_MATCH = YES;
				CODE_SIGN_IDENTITY = "iPhone Developer";
				COPY_PHASE_STRIP = NO;
				DEBUG_INFORMATION_FORMAT = dwarf;
				ENABLE_STRICT_OBJC_MSGSEND = YES;
				ENABLE_TESTABILITY = YES;
				GCC_C_LANGUAGE_STANDARD = gnu11;
				GCC_DYNAMIC_NO_PIC = NO;
				GCC_NO_COMMON_BLOCKS = YES;
				GCC_OPTIMIZATION_LEVEL = 0;
				GCC_PREPROCESSOR_DEFINITIONS = (
					"DEBUG=1",
					"$(inherited)",
				);
				GCC_WARN_64_TO_32_BIT_CONVERSION = YES;
				GCC_WARN_ABOUT_RETURN_TYPE = YES_ERROR;
				GCC_WARN_UNDECLARED_SELECTOR = YES;
				GCC_WARN_UNINITIALIZED_AUTOS = YES_AGGRESSIVE;
				GCC_WARN_UNUSED_FUNCTION = YES;
				GCC_WARN_UNUSED_VARIABLE = YES;
				IPHONEOS_DEPLOYMENT_TARGET = 12.1;
				MTL_ENABLE_DEBUG_INFO = INCLUDE_SOURCE;
				MTL_FAST_MATH = YES;
				ONLY_ACTIVE_ARCH = YES;
				SDKROOT = iphoneos;
				SWIFT_ACTIVE_COMPILATION_CONDITIONS = DEBUG;
				SWIFT_OPTIMIZATION_LEVEL = "-Onone";
			};
			name = Debug;
		};
		F7C7622C223B60E900B01235 /* Release */ = {
			isa = XCBuildConfiguration;
			buildSettings = {
				ALWAYS_SEARCH_USER_PATHS = NO;
				CLANG_ANALYZER_NONNULL = YES;
				CLANG_ANALYZER_NUMBER_OBJECT_CONVERSION = YES_AGGRESSIVE;
				CLANG_CXX_LANGUAGE_STANDARD = "gnu++14";
				CLANG_CXX_LIBRARY = "libc++";
				CLANG_ENABLE_MODULES = YES;
				CLANG_ENABLE_OBJC_ARC = YES;
				CLANG_ENABLE_OBJC_WEAK = YES;
				CLANG_WARN_BLOCK_CAPTURE_AUTORELEASING = YES;
				CLANG_WARN_BOOL_CONVERSION = YES;
				CLANG_WARN_COMMA = YES;
				CLANG_WARN_CONSTANT_CONVERSION = YES;
				CLANG_WARN_DEPRECATED_OBJC_IMPLEMENTATIONS = YES;
				CLANG_WARN_DIRECT_OBJC_ISA_USAGE = YES_ERROR;
				CLANG_WARN_DOCUMENTATION_COMMENTS = YES;
				CLANG_WARN_EMPTY_BODY = YES;
				CLANG_WARN_ENUM_CONVERSION = YES;
				CLANG_WARN_INFINITE_RECURSION = YES;
				CLANG_WARN_INT_CONVERSION = YES;
				CLANG_WARN_NON_LITERAL_NULL_CONVERSION = YES;
				CLANG_WARN_OBJC_IMPLICIT_RETAIN_SELF = YES;
				CLANG_WARN_OBJC_LITERAL_CONVERSION = YES;
				CLANG_WARN_OBJC_ROOT_CLASS = YES_ERROR;
				CLANG_WARN_RANGE_LOOP_ANALYSIS = YES;
				CLANG_WARN_STRICT_PROTOTYPES = YES;
				CLANG_WARN_SUSPICIOUS_MOVE = YES;
				CLANG_WARN_UNGUARDED_AVAILABILITY = YES_AGGRESSIVE;
				CLANG_WARN_UNREACHABLE_CODE = YES;
				CLANG_WARN__DUPLICATE_METHOD_MATCH = YES;
				CODE_SIGN_IDENTITY = "iPhone Developer";
				COPY_PHASE_STRIP = NO;
				DEBUG_INFORMATION_FORMAT = "dwarf-with-dsym";
				ENABLE_NS_ASSERTIONS = NO;
				ENABLE_STRICT_OBJC_MSGSEND = YES;
				GCC_C_LANGUAGE_STANDARD = gnu11;
				GCC_NO_COMMON_BLOCKS = YES;
				GCC_WARN_64_TO_32_BIT_CONVERSION = YES;
				GCC_WARN_ABOUT_RETURN_TYPE = YES_ERROR;
				GCC_WARN_UNDECLARED_SELECTOR = YES;
				GCC_WARN_UNINITIALIZED_AUTOS = YES_AGGRESSIVE;
				GCC_WARN_UNUSED_FUNCTION = YES;
				GCC_WARN_UNUSED_VARIABLE = YES;
				IPHONEOS_DEPLOYMENT_TARGET = 12.1;
				MTL_ENABLE_DEBUG_INFO = NO;
				MTL_FAST_MATH = YES;
				SDKROOT = iphoneos;
				SWIFT_COMPILATION_MODE = wholemodule;
				SWIFT_OPTIMIZATION_LEVEL = "-O";
				VALIDATE_PRODUCT = YES;
			};
			name = Release;
		};
		F7C7622E223B60E900B01235 /* Debug */ = {
			isa = XCBuildConfiguration;
			buildSettings = {
				ASSETCATALOG_COMPILER_APPICON_NAME = AppIcon;
				CODE_SIGN_STYLE = Automatic;
				INFOPLIST_FILE = ColorSynchronization/Info.plist;
				IPHONEOS_DEPLOYMENT_TARGET = 10.0;
				LD_RUNPATH_SEARCH_PATHS = (
					"$(inherited)",
					"@executable_path/Frameworks",
				);
				PRODUCT_BUNDLE_IDENTIFIER = com.zmh.ColorSynchronization;
				PRODUCT_NAME = "$(TARGET_NAME)";
				SWIFT_OBJC_BRIDGING_HEADER = "ColorSynchronization/Objective-c-Swift-Bridge.h";
				SWIFT_VERSION = 4.2;
				TARGETED_DEVICE_FAMILY = 1;
			};
			name = Debug;
		};
		F7C7622F223B60E900B01235 /* Release */ = {
			isa = XCBuildConfiguration;
			buildSettings = {
				ASSETCATALOG_COMPILER_APPICON_NAME = AppIcon;
				CODE_SIGN_STYLE = Automatic;
				INFOPLIST_FILE = ColorSynchronization/Info.plist;
				IPHONEOS_DEPLOYMENT_TARGET = 10.0;
				LD_RUNPATH_SEARCH_PATHS = (
					"$(inherited)",
					"@executable_path/Frameworks",
				);
				PRODUCT_BUNDLE_IDENTIFIER = com.zmh.ColorSynchronization;
				PRODUCT_NAME = "$(TARGET_NAME)";
				SWIFT_OBJC_BRIDGING_HEADER = "ColorSynchronization/Objective-c-Swift-Bridge.h";
				SWIFT_VERSION = 4.2;
				TARGETED_DEVICE_FAMILY = 1;
			};
			name = Release;
		};
/* End XCBuildConfiguration section */

/* Begin XCConfigurationList section */
		F7C76216223B60E600B01235 /* Build configuration list for PBXProject "ColorSynchronization" */ = {
			isa = XCConfigurationList;
			buildConfigurations = (
				F7C7622B223B60E900B01235 /* Debug */,
				F7C7622C223B60E900B01235 /* Release */,
			);
			defaultConfigurationIsVisible = 0;
			defaultConfigurationName = Release;
		};
		F7C7622D223B60E900B01235 /* Build configuration list for PBXNativeTarget "ColorSynchronization" */ = {
			isa = XCConfigurationList;
			buildConfigurations = (
				F7C7622E223B60E900B01235 /* Debug */,
				F7C7622F223B60E900B01235 /* Release */,
			);
			defaultConfigurationIsVisible = 0;
			defaultConfigurationName = Release;
		};
/* End XCConfigurationList section */
	};
	rootObject = F7C76213223B60E600B01235 /* Project object */;
}
